
Microsoft Visual Studio Solution File, Format Version 12.00
# Visual Studio Version 16
VisualStudioVersion = 16.0.30804.86
MinimumVisualStudioVersion = 10.0.40219.1
Project("{9A19103F-16F7-4668-BE54-9A1E7A4F7556}") = "Ateliers.ForLectures.NUnitTestExample.Tests", "Src\Ateliers.ForLectures.NUnitTestExample.Tests\Ateliers.ForLectures.NUnitTestExample.Tests.csproj", "{67C63F70-6E41-4E5F-8591-A033DC50D0C3}"
EndProject
Project("{FAE04EC0-301F-11D3-BF4B-00C04F79EFBC}") = "Ateliers.ForLectures.NUnitTestExample", "Src\Ateliers.ForLectures.NUnitTestExample\Ateliers.ForLectures.NUnitTestExample.csproj", "{0128D2BC-AA63-425A-8868-03E2CCE803A5}"
EndProject
Global
	GlobalSection(SolutionConfigurationPlatforms) = preSolution
		Debug|Any CPU = Debug|Any CPU
		Release|Any CPU = Release|Any CPU
	EndGlobalSection
	GlobalSection(ProjectConfigurationPlatforms) = postSolution
		{67C63F70-6E41-4E5F-8591-A033DC50D0C3}.Debug|Any CPU.ActiveCfg = Debug|Any CPU
		{67C63F70-6E41-4E5F-8591-A033DC50D0C3}.Debug|Any CPU.Build.0 = Debug|Any CPU
		{67C63F70-6E41-4E5F-8591-A033DC50D0C3}.Release|Any CPU.ActiveCfg = Release|Any CPU
		{67C63F70-6E41-4E5F-8591-A033DC50D0C3}.Release|Any CPU.Build.0 = Release|Any CPU
		{0128D2BC-AA63-425A-8868-03E2CCE803A5}.Debug|Any CPU.ActiveCfg = Debug|Any CPU
		{0128D2BC-AA63-425A-8868-03E2CCE803A5}.Debug|Any CPU.Build.0 = Debug|Any CPU
		{0128D2BC-AA63-425A-8868-03E2CCE803A5}.Release|Any CPU.ActiveCfg = Release|Any CPU
		{0128D2BC-AA63-425A-8868-03E2CCE803A5}.Release|Any CPU.Build.0 = Release|Any CPU
	EndGlobalSection
	GlobalSection(SolutionProperties) = preSolution
		HideSolutionNode = FALSE
	EndGlobalSection
	GlobalSection(ExtensibilityGlobals) = postSolution
		SolutionGuid = {54D49C36-8C76-422F-9CDC-4E1562F53448}
	EndGlobalSection
EndGlobal
